// !$*UTF8*$!
{
	archiveVersion = 1;
	classes = {
	};
	objectVersion = 55;
	objects = {

/* Begin PBXBuildFile section */
		416EBA8F27FE7F7F0036C03D /* ViewController+QueryViewControllerDelegate.swift in Sources */ = {isa = PBXBuildFile; fileRef = 416EBA8E27FE7F7F0036C03D /* ViewController+QueryViewControllerDelegate.swift */; };
		41986DF727FDB95000ECB231 /* Constant.swift in Sources */ = {isa = PBXBuildFile; fileRef = 41986DF627FDB95000ECB231 /* Constant.swift */; };
		419A292A27FC249A00FC3AE3 /* AppDelegate.swift in Sources */ = {isa = PBXBuildFile; fileRef = 419A292927FC249A00FC3AE3 /* AppDelegate.swift */; };
		419A292C27FC249A00FC3AE3 /* SceneDelegate.swift in Sources */ = {isa = PBXBuildFile; fileRef = 419A292B27FC249A00FC3AE3 /* SceneDelegate.swift */; };
		419A293127FC249A00FC3AE3 /* Main.storyboard in Resources */ = {isa = PBXBuildFile; fileRef = 419A292F27FC249A00FC3AE3 /* Main.storyboard */; };
		419A293327FC249C00FC3AE3 /* Assets.xcassets in Resources */ = {isa = PBXBuildFile; fileRef = 419A293227FC249C00FC3AE3 /* Assets.xcassets */; };
		419A293627FC249C00FC3AE3 /* LaunchScreen.storyboard in Resources */ = {isa = PBXBuildFile; fileRef = 419A293427FC249C00FC3AE3 /* LaunchScreen.storyboard */; };
		41E37F0627FDD8EF002753D0 /* Weather.swift in Sources */ = {isa = PBXBuildFile; fileRef = 41E37F0527FDD8EF002753D0 /* Weather.swift */; };
		41E37F0B27FDDE1E002753D0 /* ViewController+Helper.swift in Sources */ = {isa = PBXBuildFile; fileRef = 41E37F0A27FDDE1E002753D0 /* ViewController+Helper.swift */; };
		41E37F0D27FDDF0F002753D0 /* ViewController+CLLocation.swift in Sources */ = {isa = PBXBuildFile; fileRef = 41E37F0C27FDDF0F002753D0 /* ViewController+CLLocation.swift */; };
		41E37F1127FDE55C002753D0 /* QueryViewController.swift in Sources */ = {isa = PBXBuildFile; fileRef = 41E37F1027FDE55C002753D0 /* QueryViewController.swift */; };
		41E37F1327FDE923002753D0 /* ViewController.swift in Sources */ = {isa = PBXBuildFile; fileRef = 41E37F1227FDE923002753D0 /* ViewController.swift */; };
		F63AD64284D2AD0CB6502F21 /* Pods_Weather.framework in Frameworks */ = {isa = PBXBuildFile; fileRef = 7C2ACACF85069F8AED744EB5 /* Pods_Weather.framework */; };
/* End PBXBuildFile section */

/* Begin PBXFileReference section */
		416EBA8E27FE7F7F0036C03D /* ViewController+QueryViewControllerDelegate.swift */ = {isa = PBXFileReference; lastKnownFileType = sourcecode.swift; path = "ViewController+QueryViewControllerDelegate.swift"; sourceTree = "<group>"; };
		41986DF627FDB95000ECB231 /* Constant.swift */ = {isa = PBXFileReference; lastKnownFileType = sourcecode.swift; path = Constant.swift; sourceTree = "<group>"; };
		419A292627FC249A00FC3AE3 /* Weather.app */ = {isa = PBXFileReference; explicitFileType = wrapper.application; includeInIndex = 0; path = Weather.app; sourceTree = BUILT_PRODUCTS_DIR; };
		419A292927FC249A00FC3AE3 /* AppDelegate.swift */ = {isa = PBXFileReference; lastKnownFileType = sourcecode.swift; path = AppDelegate.swift; sourceTree = "<group>"; };
		419A292B27FC249A00FC3AE3 /* SceneDelegate.swift */ = {isa = PBXFileReference; lastKnownFileType = sourcecode.swift; path = SceneDelegate.swift; sourceTree = "<group>"; };
		419A293027FC249A00FC3AE3 /* Base */ = {isa = PBXFileReference; lastKnownFileType = file.storyboard; name = Base; path = Base.lproj/Main.storyboard; sourceTree = "<group>"; };
		419A293227FC249C00FC3AE3 /* Assets.xcassets */ = {isa = PBXFileReference; lastKnownFileType = folder.assetcatalog; path = Assets.xcassets; sourceTree = "<group>"; };
		419A293527FC249C00FC3AE3 /* Base */ = {isa = PBXFileReference; lastKnownFileType = file.storyboard; name = Base; path = Base.lproj/LaunchScreen.storyboard; sourceTree = "<group>"; };
		419A293727FC249C00FC3AE3 /* Info.plist */ = {isa = PBXFileReference; lastKnownFileType = text.plist.xml; path = Info.plist; sourceTree = "<group>"; };
		41E37F0527FDD8EF002753D0 /* Weather.swift */ = {isa = PBXFileReference; lastKnownFileType = sourcecode.swift; path = Weather.swift; sourceTree = "<group>"; };
		41E37F0A27FDDE1E002753D0 /* ViewController+Helper.swift */ = {isa = PBXFileReference; lastKnownFileType = sourcecode.swift; path = "ViewController+Helper.swift"; sourceTree = "<group>"; };
		41E37F0C27FDDF0F002753D0 /* ViewController+CLLocation.swift */ = {isa = PBXFileReference; lastKnownFileType = sourcecode.swift; path = "ViewController+CLLocation.swift"; sourceTree = "<group>"; };
		41E37F1027FDE55C002753D0 /* QueryViewController.swift */ = {isa = PBXFileReference; lastKnownFileType = sourcecode.swift; path = QueryViewController.swift; sourceTree = "<group>"; };
		41E37F1227FDE923002753D0 /* ViewController.swift */ = {isa = PBXFileReference; lastKnownFileType = sourcecode.swift; path = ViewController.swift; sourceTree = "<group>"; };
		5434999DC249246610CFAFAF /* Pods-Weather.release.xcconfig */ = {isa = PBXFileReference; includeInIndex = 1; lastKnownFileType = text.xcconfig; name = "Pods-Weather.release.xcconfig"; path = "Target Support Files/Pods-Weather/Pods-Weather.release.xcconfig"; sourceTree = "<group>"; };
		7C2ACACF85069F8AED744EB5 /* Pods_Weather.framework */ = {isa = PBXFileReference; explicitFileType = wrapper.framework; includeInIndex = 0; path = Pods_Weather.framework; sourceTree = BUILT_PRODUCTS_DIR; };
		AD9BABD67809C2391D66A194 /* Pods-Weather.debug.xcconfig */ = {isa = PBXFileReference; includeInIndex = 1; lastKnownFileType = text.xcconfig; name = "Pods-Weather.debug.xcconfig"; path = "Target Support Files/Pods-Weather/Pods-Weather.debug.xcconfig"; sourceTree = "<group>"; };
/* End PBXFileReference section */

/* Begin PBXFrameworksBuildPhase section */
		419A292327FC249A00FC3AE3 /* Frameworks */ = {
			isa = PBXFrameworksBuildPhase;
			buildActionMask = 2147483647;
			files = (
				F63AD64284D2AD0CB6502F21 /* Pods_Weather.framework in Frameworks */,
			);
			runOnlyForDeploymentPostprocessing = 0;
		};
/* End PBXFrameworksBuildPhase section */

/* Begin PBXGroup section */
		419A291D27FC249A00FC3AE3 = {
			isa = PBXGroup;
			children = (
				419A292827FC249A00FC3AE3 /* Weather */,
				419A292727FC249A00FC3AE3 /* Products */,
				DC8107812B4C2140182AD9CA /* Pods */,
				A35E2B1D972E35697459CBFC /* Frameworks */,
			);
			sourceTree = "<group>";
		};
		419A292727FC249A00FC3AE3 /* Products */ = {
			isa = PBXGroup;
			children = (
				419A292627FC249A00FC3AE3 /* Weather.app */,
			);
			name = Products;
			sourceTree = "<group>";
		};
		419A292827FC249A00FC3AE3 /* Weather */ = {
			isa = PBXGroup;
			children = (
				41E37F0F27FDE40C002753D0 /* Model */,
				41E37F0E27FDE3F4002753D0 /* ViewController */,
				419A292927FC249A00FC3AE3 /* AppDelegate.swift */,
				419A292B27FC249A00FC3AE3 /* SceneDelegate.swift */,
				41986DF627FDB95000ECB231 /* Constant.swift */,
				419A292F27FC249A00FC3AE3 /* Main.storyboard */,
				419A293227FC249C00FC3AE3 /* Assets.xcassets */,
				419A293427FC249C00FC3AE3 /* LaunchScreen.storyboard */,
				419A293727FC249C00FC3AE3 /* Info.plist */,
			);
			path = Weather;
			sourceTree = "<group>";
		};
		41E37F0E27FDE3F4002753D0 /* ViewController */ = {
			isa = PBXGroup;
			children = (
				41E37F1227FDE923002753D0 /* ViewController.swift */,
				41E37F0C27FDDF0F002753D0 /* ViewController+CLLocation.swift */,
				41E37F0A27FDDE1E002753D0 /* ViewController+Helper.swift */,
				416EBA8E27FE7F7F0036C03D /* ViewController+QueryViewControllerDelegate.swift */,
				41E37F1027FDE55C002753D0 /* QueryViewController.swift */,
			);
			name = ViewController;
			sourceTree = "<group>";
		};
		41E37F0F27FDE40C002753D0 /* Model */ = {
			isa = PBXGroup;
			children = (
				41E37F0527FDD8EF002753D0 /* Weather.swift */,
			);
			name = Model;
			sourceTree = "<group>";
		};
		A35E2B1D972E35697459CBFC /* Frameworks */ = {
			isa = PBXGroup;
			children = (
				7C2ACACF85069F8AED744EB5 /* Pods_Weather.framework */,
			);
			name = Frameworks;
			sourceTree = "<group>";
		};
		DC8107812B4C2140182AD9CA /* Pods */ = {
			isa = PBXGroup;
			children = (
				AD9BABD67809C2391D66A194 /* Pods-Weather.debug.xcconfig */,
				5434999DC249246610CFAFAF /* Pods-Weather.release.xcconfig */,
			);
			path = Pods;
			sourceTree = "<group>";
		};
/* End PBXGroup section */

/* Begin PBXNativeTarget section */
		419A292527FC249A00FC3AE3 /* Weather */ = {
			isa = PBXNativeTarget;
			buildConfigurationList = 419A293A27FC249C00FC3AE3 /* Build configuration list for PBXNativeTarget "Weather" */;
			buildPhases = (
				83649FD378FD3A14ECAF6303 /* [CP] Check Pods Manifest.lock */,
				419A292227FC249A00FC3AE3 /* Sources */,
				419A292327FC249A00FC3AE3 /* Frameworks */,
				419A292427FC249A00FC3AE3 /* Resources */,
				BCE460DF0E1B14557D72220B /* [CP] Embed Pods Frameworks */,
			);
			buildRules = (
			);
			dependencies = (
			);
			name = Weather;
			productName = Weather;
			productReference = 419A292627FC249A00FC3AE3 /* Weather.app */;
			productType = "com.apple.product-type.application";
		};
/* End PBXNativeTarget section */

/* Begin PBXProject section */
		419A291E27FC249A00FC3AE3 /* Project object */ = {
			isa = PBXProject;
			attributes = {
				BuildIndependentTargetsInParallel = 1;
				LastSwiftUpdateCheck = 1330;
				LastUpgradeCheck = 1330;
				TargetAttributes = {
					419A292527FC249A00FC3AE3 = {
						CreatedOnToolsVersion = 13.3;
					};
				};
			};
			buildConfigurationList = 419A292127FC249A00FC3AE3 /* Build configuration list for PBXProject "Weather" */;
			compatibilityVersion = "Xcode 13.0";
			developmentRegion = en;
			hasScannedForEncodings = 0;
			knownRegions = (
				en,
				Base,
			);
			mainGroup = 419A291D27FC249A00FC3AE3;
			productRefGroup = 419A292727FC249A00FC3AE3 /* Products */;
			projectDirPath = "";
			projectRoot = "";
			targets = (
				419A292527FC249A00FC3AE3 /* Weather */,
			);
		};
/* End PBXProject section */

/* Begin PBXResourcesBuildPhase section */
		419A292427FC249A00FC3AE3 /* Resources */ = {
			isa = PBXResourcesBuildPhase;
			buildActionMask = 2147483647;
			files = (
				419A293627FC249C00FC3AE3 /* LaunchScreen.storyboard in Resources */,
				419A293327FC249C00FC3AE3 /* Assets.xcassets in Resources */,
				419A293127FC249A00FC3AE3 /* Main.storyboard in Resources */,
			);
			runOnlyForDeploymentPostprocessing = 0;
		};
/* End PBXResourcesBuildPhase section */

/* Begin PBXShellScriptBuildPhase section */
		83649FD378FD3A14ECAF6303 /* [CP] Check Pods Manifest.lock */ = {
			isa = PBXShellScriptBuildPhase;
			buildActionMask = 2147483647;
			files = (
			);
			inputFileListPaths = (
			);
			inputPaths = (
				"${PODS_PODFILE_DIR_PATH}/Podfile.lock",
				"${PODS_ROOT}/Manifest.lock",
			);
			name = "[CP] Check Pods Manifest.lock";
			outputFileListPaths = (
			);
			outputPaths = (
				"$(DERIVED_FILE_DIR)/Pods-Weather-checkManifestLockResult.txt",
			);
			runOnlyForDeploymentPostprocessing = 0;
			shellPath = /bin/sh;
			shellScript = "diff \"${PODS_PODFILE_DIR_PATH}/Podfile.lock\" \"${PODS_ROOT}/Manifest.lock\" > /dev/null\nif [ $? != 0 ] ; then\n    # print error to STDERR\n    echo \"error: The sandbox is not in sync with the Podfile.lock. Run 'pod install' or update your CocoaPods installation.\" >&2\n    exit 1\nfi\n# This output is used by Xcode 'outputs' to avoid re-running this script phase.\necho \"SUCCESS\" > \"${SCRIPT_OUTPUT_FILE_0}\"\n";
			showEnvVarsInLog = 0;
		};
		BCE460DF0E1B14557D72220B /* [CP] Embed Pods Frameworks */ = {
			isa = PBXShellScriptBuildPhase;
			buildActionMask = 2147483647;
			files = (
			);
			inputFileListPaths = (
				"${PODS_ROOT}/Target Support Files/Pods-Weather/Pods-Weather-frameworks-${CONFIGURATION}-input-files.xcfilelist",
			);
			name = "[CP] Embed Pods Frameworks";
			outputFileListPaths = (
				"${PODS_ROOT}/Target Support Files/Pods-Weather/Pods-Weather-frameworks-${CONFIGURATION}-output-files.xcfilelist",
			);
			runOnlyForDeploymentPostprocessing = 0;
			shellPath = /bin/sh;
			shellScript = "\"${PODS_ROOT}/Target Support Files/Pods-Weather/Pods-Weather-frameworks.sh\"\n";
			showEnvVarsInLog = 0;
		};
/* End PBXShellScriptBuildPhase section */

/* Begin PBXSourcesBuildPhase section */
		419A292227FC249A00FC3AE3 /* Sources */ = {
			isa = PBXSourcesBuildPhase;
			buildActionMask = 2147483647;
			files = (
				41E37F1127FDE55C002753D0 /* QueryViewController.swift in Sources */,
				419A292A27FC249A00FC3AE3 /* AppDelegate.swift in Sources */,
				41E37F0B27FDDE1E002753D0 /* ViewController+Helper.swift in Sources */,
				419A292C27FC249A00FC3AE3 /* SceneDelegate.swift in Sources */,
				416EBA8F27FE7F7F0036C03D /* ViewController+QueryViewControllerDelegate.swift in Sources */,
				41986DF727FDB95000ECB231 /* Constant.swift in Sources */,
				41E37F0627FDD8EF002753D0 /* Weather.swift in Sources */,
				41E37F1327FDE923002753D0 /* ViewController.swift in Sources */,
				41E37F0D27FDDF0F002753D0 /* ViewController+CLLocation.swift in Sources */,
			);
			runOnlyForDeploymentPostprocessing = 0;
		};
/* End PBXSourcesBuildPhase section */

/* Begin PBXVariantGroup section */
		419A292F27FC249A00FC3AE3 /* Main.storyboard */ = {
			isa = PBXVariantGroup;
			children = (
				419A293027FC249A00FC3AE3 /* Base */,
			);
			name = Main.storyboard;
			sourceTree = "<group>";
		};
		419A293427FC249C00FC3AE3 /* LaunchScreen.storyboard */ = {
			isa = PBXVariantGroup;
			children = (
				419A293527FC249C00FC3AE3 /* Base */,
			);
			name = LaunchScreen.storyboard;
			sourceTree = "<group>";
		};
/* End PBXVariantGroup section */

/* Begin XCBuildConfiguration section */
		419A293827FC249C00FC3AE3 /* Debug */ = {
			isa = XCBuildConfiguration;
			buildSettings = {
				ALWAYS_SEARCH_USER_PATHS = NO;
				CLANG_ANALYZER_NONNULL = YES;
				CLANG_ANALYZER_NUMBER_OBJECT_CONVERSION = YES_AGGRESSIVE;
				CLANG_CXX_LANGUAGE_STANDARD = "gnu++17";
				CLANG_ENABLE_MODULES = YES;
				CLANG_ENABLE_OBJC_ARC = YES;
				CLANG_ENABLE_OBJC_WEAK = YES;
				CLANG_WARN_BLOCK_CAPTURE_AUTORELEASING = YES;
				CLANG_WARN_BOOL_CONVERSION = YES;
				CLANG_WARN_COMMA = YES;
				CLANG_WARN_CONSTANT_CONVERSION = YES;
				CLANG_WARN_DEPRECATED_OBJC_IMPLEMENTATIONS = YES;
				CLANG_WARN_DIRECT_OBJC_ISA_USAGE = YES_ERROR;
				CLANG_WARN_DOCUMENTATION_COMMENTS = YES;
				CLANG_WARN_EMPTY_BODY = YES;
				CLANG_WARN_ENUM_CONVERSION = YES;
				CLANG_WARN_INFINITE_RECURSION = YES;
				CLANG_WARN_INT_CONVERSION = YES;
				CLANG_WARN_NON_LITERAL_NULL_CONVERSION = YES;
				CLANG_WARN_OBJC_IMPLICIT_RETAIN_SELF = YES;
				CLANG_WARN_OBJC_LITERAL_CONVERSION = YES;
				CLANG_WARN_OBJC_ROOT_CLASS = YES_ERROR;
				CLANG_WARN_QUOTED_INCLUDE_IN_FRAMEWORK_HEADER = YES;
				CLANG_WARN_RANGE_LOOP_ANALYSIS = YES;
				CLANG_WARN_STRICT_PROTOTYPES = YES;
				CLANG_WARN_SUSPICIOUS_MOVE = YES;
				CLANG_WARN_UNGUARDED_AVAILABILITY = YES_AGGRESSIVE;
				CLANG_WARN_UNREACHABLE_CODE = YES;
				CLANG_WARN__DUPLICATE_METHOD_MATCH = YES;
				COPY_PHASE_STRIP = NO;
				DEBUG_INFORMATION_FORMAT = dwarf;
				ENABLE_STRICT_OBJC_MSGSEND = YES;
				ENABLE_TESTABILITY = YES;
				GCC_C_LANGUAGE_STANDARD = gnu11;
				GCC_DYNAMIC_NO_PIC = NO;
				GCC_NO_COMMON_BLOCKS = YES;
				GCC_OPTIMIZATION_LEVEL = 0;
				GCC_PREPROCESSOR_DEFINITIONS = (
					"DEBUG=1",
					"$(inherited)",
				);
				GCC_WARN_64_TO_32_BIT_CONVERSION = YES;
				GCC_WARN_ABOUT_RETURN_TYPE = YES_ERROR;
				GCC_WARN_UNDECLARED_SELECTOR = YES;
				GCC_WARN_UNINITIALIZED_AUTOS = YES_AGGRESSIVE;
				GCC_WARN_UNUSED_FUNCTION = YES;
				GCC_WARN_UNUSED_VARIABLE = YES;
				IPHONEOS_DEPLOYMENT_TARGET = 15.4;
				MTL_ENABLE_DEBUG_INFO = INCLUDE_SOURCE;
				MTL_FAST_MATH = YES;
				ONLY_ACTIVE_ARCH = YES;
				SDKROOT = iphoneos;
				SWIFT_ACTIVE_COMPILATION_CONDITIONS = DEBUG;
				SWIFT_OPTIMIZATION_LEVEL = "-Onone";
			};
			name = Debug;
		};
		419A293927FC249C00FC3AE3 /* Release */ = {
			isa = XCBuildConfiguration;
			buildSettings = {
				ALWAYS_SEARCH_USER_PATHS = NO;
				CLANG_ANALYZER_NONNULL = YES;
				CLANG_ANALYZER_NUMBER_OBJECT_CONVERSION = YES_AGGRESSIVE;
				CLANG_CXX_LANGUAGE_STANDARD = "gnu++17";
				CLANG_ENABLE_MODULES = YES;
				CLANG_ENABLE_OBJC_ARC = YES;
				CLANG_ENABLE_OBJC_WEAK = YES;
				CLANG_WARN_BLOCK_CAPTURE_AUTORELEASING = YES;
				CLANG_WARN_BOOL_CONVERSION = YES;
				CLANG_WARN_COMMA = YES;
				CLANG_WARN_CONSTANT_CONVERSION = YES;
				CLANG_WARN_DEPRECATED_OBJC_IMPLEMENTATIONS = YES;
				CLANG_WARN_DIRECT_OBJC_ISA_USAGE = YES_ERROR;
				CLANG_WARN_DOCUMENTATION_COMMENTS = YES;
				CLANG_WARN_EMPTY_BODY = YES;
				CLANG_WARN_ENUM_CONVERSION = YES;
				CLANG_WARN_INFINITE_RECURSION = YES;
				CLANG_WARN_INT_CONVERSION = YES;
				CLANG_WARN_NON_LITERAL_NULL_CONVERSION = YES;
				CLANG_WARN_OBJC_IMPLICIT_RETAIN_SELF = YES;
				CLANG_WARN_OBJC_LITERAL_CONVERSION = YES;
				CLANG_WARN_OBJC_ROOT_CLASS = YES_ERROR;
				CLANG_WARN_QUOTED_INCLUDE_IN_FRAMEWORK_HEADER = YES;
				CLANG_WARN_RANGE_LOOP_ANALYSIS = YES;
				CLANG_WARN_STRICT_PROTOTYPES = YES;
				CLANG_WARN_SUSPICIOUS_MOVE = YES;
				CLANG_WARN_UNGUARDED_AVAILABILITY = YES_AGGRESSIVE;
				CLANG_WARN_UNREACHABLE_CODE = YES;
				CLANG_WARN__DUPLICATE_METHOD_MATCH = YES;
				COPY_PHASE_STRIP = NO;
				DEBUG_INFORMATION_FORMAT = "dwarf-with-dsym";
				ENABLE_NS_ASSERTIONS = NO;
				ENABLE_STRICT_OBJC_MSGSEND = YES;
				GCC_C_LANGUAGE_STANDARD = gnu11;
				GCC_NO_COMMON_BLOCKS = YES;
				GCC_WARN_64_TO_32_BIT_CONVERSION = YES;
				GCC_WARN_ABOUT_RETURN_TYPE = YES_ERROR;
				GCC_WARN_UNDECLARED_SELECTOR = YES;
				GCC_WARN_UNINITIALIZED_AUTOS = YES_AGGRESSIVE;
				GCC_WARN_UNUSED_FUNCTION = YES;
				GCC_WARN_UNUSED_VARIABLE = YES;
				IPHONEOS_DEPLOYMENT_TARGET = 15.4;
				MTL_ENABLE_DEBUG_INFO = NO;
				MTL_FAST_MATH = YES;
				SDKROOT = iphoneos;
				SWIFT_COMPILATION_MODE = wholemodule;
				SWIFT_OPTIMIZATION_LEVEL = "-O";
				VALIDATE_PRODUCT = YES;
			};
			name = Release;
		};
		419A293B27FC249C00FC3AE3 /* Debug */ = {
			isa = XCBuildConfiguration;
			baseConfigurationReference = AD9BABD67809C2391D66A194 /* Pods-Weather.debug.xcconfig */;
			buildSettings = {
				ASSETCATALOG_COMPILER_APPICON_NAME = AppIcon;
				ASSETCATALOG_COMPILER_GLOBAL_ACCENT_COLOR_NAME = AccentColor;
				CODE_SIGN_STYLE = Automatic;
				CURRENT_PROJECT_VERSION = 1;
				DEVELOPMENT_TEAM = PVC674W89Q;
				GENERATE_INFOPLIST_FILE = YES;
				INFOPLIST_FILE = Weather/Info.plist;
				INFOPLIST_KEY_CFBundleDisplayName = "天气";
				INFOPLIST_KEY_UIApplicationSupportsIndirectInputEvents = YES;
				INFOPLIST_KEY_UILaunchStoryboardName = LaunchScreen;
				INFOPLIST_KEY_UIMainStoryboardFile = Main;
				INFOPLIST_KEY_UIStatusBarHidden = NO;
				INFOPLIST_KEY_UISupportedInterfaceOrientations = "";
				INFOPLIST_KEY_UISupportedInterfaceOrientations_iPad = "UIInterfaceOrientationPortrait UIInterfaceOrientationPortraitUpsideDown UIInterfaceOrientationLandscapeLeft UIInterfaceOrientationLandscapeRight";
				INFOPLIST_KEY_UISupportedInterfaceOrientations_iPhone = "UIInterfaceOrientationPortrait UIInterfaceOrientationLandscapeLeft UIInterfaceOrientationLandscapeRight";
				LD_RUNPATH_SEARCH_PATHS = (
					"$(inherited)",
					"@executable_path/Frameworks",
				);
				MARKETING_VERSION = 1.0;
				PRODUCT_BUNDLE_IDENTIFIER = com.qiu.bytedance.Weather;
				PRODUCT_NAME = "$(TARGET_NAME)";
				SWIFT_EMIT_LOC_STRINGS = YES;
				SWIFT_VERSION = 5.0;
				TARGETED_DEVICE_FAMILY = 1;
			};
			name = Debug;
		};
		419A293C27FC249C00FC3AE3 /* Release */ = {
			isa = XCBuildConfiguration;
			baseConfigurationReference = 5434999DC249246610CFAFAF /* Pods-Weather.release.xcconfig */;
			buildSettings = {
				ASSETCATALOG_COMPILER_APPICON_NAME = AppIcon;
				ASSETCATALOG_COMPILER_GLOBAL_ACCENT_COLOR_NAME = AccentColor;
				CODE_SIGN_STYLE = Automatic;
				CURRENT_PROJECT_VERSION = 1;
				DEVELOPMENT_TEAM = PVC674W89Q;
				GENERATE_INFOPLIST_FILE = YES;
				INFOPLIST_FILE = Weather/Info.plist;
				INFOPLIST_KEY_CFBundleDisplayName = "天气";
				INFOPLIST_KEY_UIApplicationSupportsIndirectInputEvents = YES;
				INFOPLIST_KEY_UILaunchStoryboardName = LaunchScreen;
				INFOPLIST_KEY_UIMainStoryboardFile = Main;
				INFOPLIST_KEY_UIStatusBarHidden = NO;
				INFOPLIST_KEY_UISupportedInterfaceOrientations = "";
				INFOPLIST_KEY_UISupportedInterfaceOrientations_iPad = "UIInterfaceOrientationPortrait UIInterfaceOrientationPortraitUpsideDown UIInterfaceOrientationLandscapeLeft UIInterfaceOrientationLandscapeRight";
				INFOPLIST_KEY_UISupportedInterfaceOrientations_iPhone = "UIInterfaceOrientationPortrait UIInterfaceOrientationLandscapeLeft UIInterfaceOrientationLandscapeRight";
				LD_RUNPATH_SEARCH_PATHS = (
					"$(inherited)",
					"@executable_path/Frameworks",
				);
				MARKETING_VERSION = 1.0;
				PRODUCT_BUNDLE_IDENTIFIER = com.qiu.bytedance.Weather;
				PRODUCT_NAME = "$(TARGET_NAME)";
				SWIFT_EMIT_LOC_STRINGS = YES;
				SWIFT_VERSION = 5.0;
				TARGETED_DEVICE_FAMILY = 1;
			};
			name = Release;
		};
/* End XCBuildConfiguration section */

/* Begin XCConfigurationList section */
		419A292127FC249A00FC3AE3 /* Build configuration list for PBXProject "Weather" */ = {
			isa = XCConfigurationList;
			buildConfigurations = (
				419A293827FC249C00FC3AE3 /* Debug */,
				419A293927FC249C00FC3AE3 /* Release */,
			);
			defaultConfigurationIsVisible = 0;
			defaultConfigurationName = Release;
		};
		419A293A27FC249C00FC3AE3 /* Build configuration list for PBXNativeTarget "Weather" */ = {
			isa = XCConfigurationList;
			buildConfigurations = (
				419A293B27FC249C00FC3AE3 /* Debug */,
				419A293C27FC249C00FC3AE3 /* Release */,
			);
			defaultConfigurationIsVisible = 0;
			defaultConfigurationName = Release;
		};
/* End XCConfigurationList section */
	};
	rootObject = 419A291E27FC249A00FC3AE3 /* Project object */;
}
